
Microsoft Visual Studio Solution File, Format Version 12.00
# Visual Studio Version 17
VisualStudioVersion = 17.9.34714.143
MinimumVisualStudioVersion = 10.0.40219.1
Project("{FAE04EC0-301F-11D3-BF4B-00C04F79EFBC}") = "Project PBO", "Project PBO\Project PBO.csproj", "{C565EB76-3531-4631-BF7E-192F23631209}"
EndProject
Global
	GlobalSection(SolutionConfigurationPlatforms) = preSolution
		Debug|Any CPU = Debug|Any CPU
		Release|Any CPU = Release|Any CPU
	EndGlobalSection
	GlobalSection(ProjectConfigurationPlatforms) = postSolution
		{C565EB76-3531-4631-BF7E-192F23631209}.Debug|Any CPU.ActiveCfg = Debug|Any CPU
		{C565EB76-3531-4631-BF7E-192F23631209}.Debug|Any CPU.Build.0 = Debug|Any CPU
		{C565EB76-3531-4631-BF7E-192F23631209}.Release|Any CPU.ActiveCfg = Release|Any CPU
		{C565EB76-3531-4631-BF7E-192F23631209}.Release|Any CPU.Build.0 = Release|Any CPU
	EndGlobalSection
	GlobalSection(SolutionProperties) = preSolution
		HideSolutionNode = FALSE
	EndGlobalSection
	GlobalSection(ExtensibilityGlobals) = postSolution
		SolutionGuid = {6FF1B47F-23F8-4EF8-8479-EB3B8BE3CE28}
	EndGlobalSection
EndGlobal
